// !$*UTF8*$!
{
	archiveVersion = 1;
	classes = {
	};
	objectVersion = 48;
	objects = {

/* Begin PBXBuildFile section */
		4B6CF8811F8CF4F400B72162 /* AppDelegate.swift in Sources */ = {isa = PBXBuildFile; fileRef = 4B6CF8801F8CF4F400B72162 /* AppDelegate.swift */; };
		4B6CF8831F8CF4F400B72162 /* ViewController.swift in Sources */ = {isa = PBXBuildFile; fileRef = 4B6CF8821F8CF4F400B72162 /* ViewController.swift */; };
		4B6CF8861F8CF4F400B72162 /* Main.storyboard in Resources */ = {isa = PBXBuildFile; fileRef = 4B6CF8841F8CF4F400B72162 /* Main.storyboard */; };
		4B6CF8881F8CF4F400B72162 /* Assets.xcassets in Resources */ = {isa = PBXBuildFile; fileRef = 4B6CF8871F8CF4F400B72162 /* Assets.xcassets */; };
		4B6CF88B1F8CF4F400B72162 /* LaunchScreen.storyboard in Resources */ = {isa = PBXBuildFile; fileRef = 4B6CF8891F8CF4F400B72162 /* LaunchScreen.storyboard */; };
/* End PBXBuildFile section */

/* Begin PBXFileReference section */
		4B6CF87D1F8CF4F400B72162 /* UItest1010.app */ = {isa = PBXFileReference; explicitFileType = wrapper.application; includeInIndex = 0; path = UItest1010.app; sourceTree = BUILT_PRODUCTS_DIR; };
		4B6CF8801F8CF4F400B72162 /* AppDelegate.swift */ = {isa = PBXFileReference; lastKnownFileType = sourcecode.swift; path = AppDelegate.swift; sourceTree = "<group>"; };
		4B6CF8821F8CF4F400B72162 /* ViewController.swift */ = {isa = PBXFileReference; lastKnownFileType = sourcecode.swift; path = ViewController.swift; sourceTree = "<group>"; };
		4B6CF8851F8CF4F400B72162 /* Base */ = {isa = PBXFileReference; lastKnownFileType = file.storyboard; name = Base; path = Base.lproj/Main.storyboard; sourceTree = "<group>"; };
		4B6CF8871F8CF4F400B72162 /* Assets.xcassets */ = {isa = PBXFileReference; lastKnownFileType = folder.assetcatalog; path = Assets.xcassets; sourceTree = "<group>"; };
		4B6CF88A1F8CF4F400B72162 /* Base */ = {isa = PBXFileReference; lastKnownFileType = file.storyboard; name = Base; path = Base.lproj/LaunchScreen.storyboard; sourceTree = "<group>"; };
		4B6CF88C1F8CF4F400B72162 /* Info.plist */ = {isa = PBXFileReference; lastKnownFileType = text.plist.xml; path = Info.plist; sourceTree = "<group>"; };
/* End PBXFileReference section */

/* Begin PBXFrameworksBuildPhase section */
		4B6CF87A1F8CF4F400B72162 /* Frameworks */ = {
			isa = PBXFrameworksBuildPhase;
			buildActionMask = 2147483647;
			files = (
			);
			runOnlyForDeploymentPostprocessing = 0;
		};
/* End PBXFrameworksBuildPhase section */

/* Begin PBXGroup section */
		4B6CF8741F8CF4F400B72162 = {
			isa = PBXGroup;
			children = (
				4B6CF87F1F8CF4F400B72162 /* UItest1010 */,
				4B6CF87E1F8CF4F400B72162 /* Products */,
			);
			sourceTree = "<group>";
		};
		4B6CF87E1F8CF4F400B72162 /* Products */ = {
			isa = PBXGroup;
			children = (
				4B6CF87D1F8CF4F400B72162 /* UItest1010.app */,
			);
			name = Products;
			sourceTree = "<group>";
		};
		4B6CF87F1F8CF4F400B72162 /* UItest1010 */ = {
			isa = PBXGroup;
			children = (
				4B6CF8801F8CF4F400B72162 /* AppDelegate.swift */,
				4B6CF8821F8CF4F400B72162 /* ViewController.swift */,
				4B6CF8841F8CF4F400B72162 /* Main.storyboard */,
				4B6CF8871F8CF4F400B72162 /* Assets.xcassets */,
				4B6CF8891F8CF4F400B72162 /* LaunchScreen.storyboard */,
				4B6CF88C1F8CF4F400B72162 /* Info.plist */,
			);
			path = UItest1010;
			sourceTree = "<group>";
		};
/* End PBXGroup section */

/* Begin PBXNativeTarget section */
		4B6CF87C1F8CF4F400B72162 /* UItest1010 */ = {
			isa = PBXNativeTarget;
			buildConfigurationList = 4B6CF88F1F8CF4F400B72162 /* Build configuration list for PBXNativeTarget "UItest1010" */;
			buildPhases = (
				4B6CF8791F8CF4F400B72162 /* Sources */,
				4B6CF87A1F8CF4F400B72162 /* Frameworks */,
				4B6CF87B1F8CF4F400B72162 /* Resources */,
			);
			buildRules = (
			);
			dependencies = (
			);
			name = UItest1010;
			productName = UItest1010;
			productReference = 4B6CF87D1F8CF4F400B72162 /* UItest1010.app */;
			productType = "com.apple.product-type.application";
		};
/* End PBXNativeTarget section */

/* Begin PBXProject section */
		4B6CF8751F8CF4F400B72162 /* Project object */ = {
			isa = PBXProject;
			attributes = {
				LastSwiftUpdateCheck = 0900;
				LastUpgradeCheck = 0900;
				ORGANIZATIONNAME = "Ray Chen";
				TargetAttributes = {
					4B6CF87C1F8CF4F400B72162 = {
						CreatedOnToolsVersion = 9.0;
						ProvisioningStyle = Automatic;
					};
				};
			};
			buildConfigurationList = 4B6CF8781F8CF4F400B72162 /* Build configuration list for PBXProject "UItest1010" */;
			compatibilityVersion = "Xcode 8.0";
			developmentRegion = en;
			hasScannedForEncodings = 0;
			knownRegions = (
				en,
				Base,
			);
			mainGroup = 4B6CF8741F8CF4F400B72162;
			productRefGroup = 4B6CF87E1F8CF4F400B72162 /* Products */;
			projectDirPath = "";
			projectRoot = "";
			targets = (
				4B6CF87C1F8CF4F400B72162 /* UItest1010 */,
			);
		};
/* End PBXProject section */

/* Begin PBXResourcesBuildPhase section */
		4B6CF87B1F8CF4F400B72162 /* Resources */ = {
			isa = PBXResourcesBuildPhase;
			buildActionMask = 2147483647;
			files = (
				4B6CF88B1F8CF4F400B72162 /* LaunchScreen.storyboard in Resources */,
				4B6CF8881F8CF4F400B72162 /* Assets.xcassets in Resources */,
				4B6CF8861F8CF4F400B72162 /* Main.storyboard in Resources */,
			);
			runOnlyForDeploymentPostprocessing = 0;
		};
/* End PBXResourcesBuildPhase section */

/* Begin PBXSourcesBuildPhase section */
		4B6CF8791F8CF4F400B72162 /* Sources */ = {
			isa = PBXSourcesBuildPhase;
			buildActionMask = 2147483647;
			files = (
				4B6CF8831F8CF4F400B72162 /* ViewController.swift in Sources */,
				4B6CF8811F8CF4F400B72162 /* AppDelegate.swift in Sources */,
			);
			runOnlyForDeploymentPostprocessing = 0;
		};
/* End PBXSourcesBuildPhase section */

/* Begin PBXVariantGroup section */
		4B6CF8841F8CF4F400B72162 /* Main.storyboard */ = {
			isa = PBXVariantGroup;
			children = (
				4B6CF8851F8CF4F400B72162 /* Base */,
			);
			name = Main.storyboard;
			sourceTree = "<group>";
		};
		4B6CF8891F8CF4F400B72162 /* LaunchScreen.storyboard */ = {
			isa = PBXVariantGroup;
			children = (
				4B6CF88A1F8CF4F400B72162 /* Base */,
			);
			name = LaunchScreen.storyboard;
			sourceTree = "<group>";
		};
/* End PBXVariantGroup section */

/* Begin XCBuildConfiguration section */
		4B6CF88D1F8CF4F400B72162 /* Debug */ = {
			isa = XCBuildConfiguration;
			buildSettings = {
				ALWAYS_SEARCH_USER_PATHS = NO;
				CLANG_ANALYZER_NONNULL = YES;
				CLANG_ANALYZER_NUMBER_OBJECT_CONVERSION = YES_AGGRESSIVE;
				CLANG_CXX_LANGUAGE_STANDARD = "gnu++14";
				CLANG_CXX_LIBRARY = "libc++";
				CLANG_ENABLE_MODULES = YES;
				CLANG_ENABLE_OBJC_ARC = YES;
				CLANG_WARN_BLOCK_CAPTURE_AUTORELEASING = YES;
				CLANG_WARN_BOOL_CONVERSION = YES;
				CLANG_WARN_COMMA = YES;
				CLANG_WARN_CONSTANT_CONVERSION = YES;
				CLANG_WARN_DIRECT_OBJC_ISA_USAGE = YES_ERROR;
				CLANG_WARN_DOCUMENTATION_COMMENTS = YES;
				CLANG_WARN_EMPTY_BODY = YES;
				CLANG_WARN_ENUM_CONVERSION = YES;
				CLANG_WARN_INFINITE_RECURSION = YES;
				CLANG_WARN_INT_CONVERSION = YES;
				CLANG_WARN_NON_LITERAL_NULL_CONVERSION = YES;
				CLANG_WARN_OBJC_LITERAL_CONVERSION = YES;
				CLANG_WARN_OBJC_ROOT_CLASS = YES_ERROR;
				CLANG_WARN_RANGE_LOOP_ANALYSIS = YES;
				CLANG_WARN_STRICT_PROTOTYPES = YES;
				CLANG_WARN_SUSPICIOUS_MOVE = YES;
				CLANG_WARN_UNGUARDED_AVAILABILITY = YES_AGGRESSIVE;
				CLANG_WARN_UNREACHABLE_CODE = YES;
				CLANG_WARN__DUPLICATE_METHOD_MATCH = YES;
				CODE_SIGN_IDENTITY = "iPhone Developer";
				COPY_PHASE_STRIP = NO;
				DEBUG_INFORMATION_FORMAT = dwarf;
				ENABLE_STRICT_OBJC_MSGSEND = YES;
				ENABLE_TESTABILITY = YES;
				GCC_C_LANGUAGE_STANDARD = gnu11;
				GCC_DYNAMIC_NO_PIC = NO;
				GCC_NO_COMMON_BLOCKS = YES;
				GCC_OPTIMIZATION_LEVEL = 0;
				GCC_PREPROCESSOR_DEFINITIONS = (
					"DEBUG=1",
					"$(inherited)",
				);
				GCC_WARN_64_TO_32_BIT_CONVERSION = YES;
				GCC_WARN_ABOUT_RETURN_TYPE = YES_ERROR;
				GCC_WARN_UNDECLARED_SELECTOR = YES;
				GCC_WARN_UNINITIALIZED_AUTOS = YES_AGGRESSIVE;
				GCC_WARN_UNUSED_FUNCTION = YES;
				GCC_WARN_UNUSED_VARIABLE = YES;
				IPHONEOS_DEPLOYMENT_TARGET = 11.0;
				MTL_ENABLE_DEBUG_INFO = YES;
				ONLY_ACTIVE_ARCH = YES;
				SDKROOT = iphoneos;
				SWIFT_ACTIVE_COMPILATION_CONDITIONS = DEBUG;
				SWIFT_OPTIMIZATION_LEVEL = "-Onone";
			};
			name = Debug;
		};
		4B6CF88E1F8CF4F400B72162 /* Release */ = {
			isa = XCBuildConfiguration;
			buildSettings = {
				ALWAYS_SEARCH_USER_PATHS = NO;
				CLANG_ANALYZER_NONNULL = YES;
				CLANG_ANALYZER_NUMBER_OBJECT_CONVERSION = YES_AGGRESSIVE;
				CLANG_CXX_LANGUAGE_STANDARD = "gnu++14";
				CLANG_CXX_LIBRARY = "libc++";
				CLANG_ENABLE_MODULES = YES;
				CLANG_ENABLE_OBJC_ARC = YES;
				CLANG_WARN_BLOCK_CAPTURE_AUTORELEASING = YES;
				CLANG_WARN_BOOL_CONVERSION = YES;
				CLANG_WARN_COMMA = YES;
				CLANG_WARN_CONSTANT_CONVERSION = YES;
				CLANG_WARN_DIRECT_OBJC_ISA_USAGE = YES_ERROR;
				CLANG_WARN_DOCUMENTATION_COMMENTS = YES;
				CLANG_WARN_EMPTY_BODY = YES;
				CLANG_WARN_ENUM_CONVERSION = YES;
				CLANG_WARN_INFINITE_RECURSION = YES;
				CLANG_WARN_INT_CONVERSION = YES;
				CLANG_WARN_NON_LITERAL_NULL_CONVERSION = YES;
				CLANG_WARN_OBJC_LITERAL_CONVERSION = YES;
				CLANG_WARN_OBJC_ROOT_CLASS = YES_ERROR;
				CLANG_WARN_RANGE_LOOP_ANALYSIS = YES;
				CLANG_WARN_STRICT_PROTOTYPES = YES;
				CLANG_WARN_SUSPICIOUS_MOVE = YES;
				CLANG_WARN_UNGUARDED_AVAILABILITY = YES_AGGRESSIVE;
				CLANG_WARN_UNREACHABLE_CODE = YES;
				CLANG_WARN__DUPLICATE_METHOD_MATCH = YES;
				CODE_SIGN_IDENTITY = "iPhone Developer";
				COPY_PHASE_STRIP = NO;
				DEBUG_INFORMATION_FORMAT = "dwarf-with-dsym";
				ENABLE_NS_ASSERTIONS = NO;
				ENABLE_STRICT_OBJC_MSGSEND = YES;
				GCC_C_LANGUAGE_STANDARD = gnu11;
				GCC_NO_COMMON_BLOCKS = YES;
				GCC_WARN_64_TO_32_BIT_CONVERSION = YES;
				GCC_WARN_ABOUT_RETURN_TYPE = YES_ERROR;
				GCC_WARN_UNDECLARED_SELECTOR = YES;
				GCC_WARN_UNINITIALIZED_AUTOS = YES_AGGRESSIVE;
				GCC_WARN_UNUSED_FUNCTION = YES;
				GCC_WARN_UNUSED_VARIABLE = YES;
				IPHONEOS_DEPLOYMENT_TARGET = 11.0;
				MTL_ENABLE_DEBUG_INFO = NO;
				SDKROOT = iphoneos;
				SWIFT_OPTIMIZATION_LEVEL = "-Owholemodule";
				VALIDATE_PRODUCT = YES;
			};
			name = Release;
		};
		4B6CF8901F8CF4F400B72162 /* Debug */ = {
			isa = XCBuildConfiguration;
			buildSettings = {
				ASSETCATALOG_COMPILER_APPICON_NAME = AppIcon;
				CODE_SIGN_STYLE = Automatic;
				DEVELOPMENT_TEAM = US9K7N9C57;
				INFOPLIST_FILE = UItest1010/Info.plist;
				LD_RUNPATH_SEARCH_PATHS = "$(inherited) @executable_path/Frameworks";
				PRODUCT_BUNDLE_IDENTIFIER = mmlab.UItest1010;
				PRODUCT_NAME = "$(TARGET_NAME)";
				SWIFT_VERSION = 4.0;
				TARGETED_DEVICE_FAMILY = "1,2";
			};
			name = Debug;
		};
		4B6CF8911F8CF4F400B72162 /* Release */ = {
			isa = XCBuildConfiguration;
			buildSettings = {
				ASSETCATALOG_COMPILER_APPICON_NAME = AppIcon;
				CODE_SIGN_STYLE = Automatic;
				DEVELOPMENT_TEAM = US9K7N9C57;
				INFOPLIST_FILE = UItest1010/Info.plist;
				LD_RUNPATH_SEARCH_PATHS = "$(inherited) @executable_path/Frameworks";
				PRODUCT_BUNDLE_IDENTIFIER = mmlab.UItest1010;
				PRODUCT_NAME = "$(TARGET_NAME)";
				SWIFT_VERSION = 4.0;
				TARGETED_DEVICE_FAMILY = "1,2";
			};
			name = Release;
		};
/* End XCBuildConfiguration section */

/* Begin XCConfigurationList section */
		4B6CF8781F8CF4F400B72162 /* Build configuration list for PBXProject "UItest1010" */ = {
			isa = XCConfigurationList;
			buildConfigurations = (
				4B6CF88D1F8CF4F400B72162 /* Debug */,
				4B6CF88E1F8CF4F400B72162 /* Release */,
			);
			defaultConfigurationIsVisible = 0;
			defaultConfigurationName = Release;
		};
		4B6CF88F1F8CF4F400B72162 /* Build configuration list for PBXNativeTarget "UItest1010" */ = {
			isa = XCConfigurationList;
			buildConfigurations = (
				4B6CF8901F8CF4F400B72162 /* Debug */,
				4B6CF8911F8CF4F400B72162 /* Release */,
			);
			defaultConfigurationIsVisible = 0;
			defaultConfigurationName = Release;
		};
/* End XCConfigurationList section */
	};
	rootObject = 4B6CF8751F8CF4F400B72162 /* Project object */;
}
